
Microsoft Visual Studio Solution File, Format Version 12.00
Project("{FAE04EC0-301F-11D3-BF4B-00C04F79EFBC}") = "NeonnApp", "NeonnApp\NeonnApp.csproj", "{ED9B2442-0DED-4454-804D-F16955D46B1C}"
EndProject
Project("{FAE04EC0-301F-11D3-BF4B-00C04F79EFBC}") = "NeonnCore", "NeonnCore\NeonnCore.csproj", "{0170AEB0-99E4-4DA0-BABA-CE737D16B76F}"
EndProject
Project("{FAE04EC0-301F-11D3-BF4B-00C04F79EFBC}") = "NeonnFilesystem", "NeonnFilesystem\NeonnFilesystem.csproj", "{3DD2014A-88C4-4AA2-A48A-779788CDA80E}"
EndProject
Project("{FAE04EC0-301F-11D3-BF4B-00C04F79EFBC}") = "NeonnGraphics", "NeonnGraphics\NeonnGraphics.csproj", "{B667EFAC-18A4-460A-8785-507067CBBE02}"
EndProject
Global
	GlobalSection(SolutionConfigurationPlatforms) = preSolution
		Debug|Any CPU = Debug|Any CPU
		Release|Any CPU = Release|Any CPU
	EndGlobalSection
	GlobalSection(ProjectConfigurationPlatforms) = postSolution
		{ED9B2442-0DED-4454-804D-F16955D46B1C}.Debug|Any CPU.ActiveCfg = Debug|Any CPU
		{ED9B2442-0DED-4454-804D-F16955D46B1C}.Debug|Any CPU.Build.0 = Debug|Any CPU
		{ED9B2442-0DED-4454-804D-F16955D46B1C}.Release|Any CPU.ActiveCfg = Release|Any CPU
		{ED9B2442-0DED-4454-804D-F16955D46B1C}.Release|Any CPU.Build.0 = Release|Any CPU
		{0170AEB0-99E4-4DA0-BABA-CE737D16B76F}.Debug|Any CPU.ActiveCfg = Debug|Any CPU
		{0170AEB0-99E4-4DA0-BABA-CE737D16B76F}.Debug|Any CPU.Build.0 = Debug|Any CPU
		{0170AEB0-99E4-4DA0-BABA-CE737D16B76F}.Release|Any CPU.ActiveCfg = Release|Any CPU
		{0170AEB0-99E4-4DA0-BABA-CE737D16B76F}.Release|Any CPU.Build.0 = Release|Any CPU
		{3DD2014A-88C4-4AA2-A48A-779788CDA80E}.Debug|Any CPU.ActiveCfg = Debug|Any CPU
		{3DD2014A-88C4-4AA2-A48A-779788CDA80E}.Debug|Any CPU.Build.0 = Debug|Any CPU
		{3DD2014A-88C4-4AA2-A48A-779788CDA80E}.Release|Any CPU.ActiveCfg = Release|Any CPU
		{3DD2014A-88C4-4AA2-A48A-779788CDA80E}.Release|Any CPU.Build.0 = Release|Any CPU
		{B667EFAC-18A4-460A-8785-507067CBBE02}.Debug|Any CPU.ActiveCfg = Debug|Any CPU
		{B667EFAC-18A4-460A-8785-507067CBBE02}.Debug|Any CPU.Build.0 = Debug|Any CPU
		{B667EFAC-18A4-460A-8785-507067CBBE02}.Release|Any CPU.ActiveCfg = Release|Any CPU
		{B667EFAC-18A4-460A-8785-507067CBBE02}.Release|Any CPU.Build.0 = Release|Any CPU
	EndGlobalSection
EndGlobal
